
Microsoft Visual Studio Solution File, Format Version 12.00
# Visual Studio 15
VisualStudioVersion = 15.0.33801.198
MinimumVisualStudioVersion = 10.0.40219.1
Project("{FAE04EC0-301F-11D3-BF4B-00C04F79EFBC}") = "QLNV_LTH", "QLNV_LTH\QLNV_LTH.csproj", "{36698946-D3BE-4F43-AE46-7A9D0ED87066}"
EndProject
Project("{FAE04EC0-301F-11D3-BF4B-00C04F79EFBC}") = "QLNV_Tester", "QLNV_Tester\QLNV_Tester.csproj", "{5CB7E333-6D34-4279-B17F-6D432E370A0C}"
EndProject
Global
	GlobalSection(SolutionConfigurationPlatforms) = preSolution
		Debug|Any CPU = Debug|Any CPU
		Release|Any CPU = Release|Any CPU
	EndGlobalSection
	GlobalSection(ProjectConfigurationPlatforms) = postSolution
		{36698946-D3BE-4F43-AE46-7A9D0ED87066}.Debug|Any CPU.ActiveCfg = Debug|Any CPU
		{36698946-D3BE-4F43-AE46-7A9D0ED87066}.Debug|Any CPU.Build.0 = Debug|Any CPU
		{36698946-D3BE-4F43-AE46-7A9D0ED87066}.Release|Any CPU.ActiveCfg = Release|Any CPU
		{36698946-D3BE-4F43-AE46-7A9D0ED87066}.Release|Any CPU.Build.0 = Release|Any CPU
		{5CB7E333-6D34-4279-B17F-6D432E370A0C}.Debug|Any CPU.ActiveCfg = Debug|Any CPU
		{5CB7E333-6D34-4279-B17F-6D432E370A0C}.Debug|Any CPU.Build.0 = Debug|Any CPU
		{5CB7E333-6D34-4279-B17F-6D432E370A0C}.Release|Any CPU.ActiveCfg = Release|Any CPU
		{5CB7E333-6D34-4279-B17F-6D432E370A0C}.Release|Any CPU.Build.0 = Release|Any CPU
	EndGlobalSection
	GlobalSection(SolutionProperties) = preSolution
		HideSolutionNode = FALSE
	EndGlobalSection
	GlobalSection(ExtensibilityGlobals) = postSolution
		SolutionGuid = {2B2E7071-D7D3-4184-8E22-16A4F3E6D384}
	EndGlobalSection
EndGlobal
